{
  "version": 4,
  "terraform_version": "1.5.7",
  "serial": 236,
  "lineage": "d61f905f-9e5c-4488-c8da-33f7e0210a27",
  "outputs": {},
  "resources": [
    {
      "mode": "data",
      "type": "github_repository",
      "name": "existing_repo",
      "provider": "provider[\"registry.terraform.io/integrations/github\"]",
      "instances": [
        {
          "index_key": 0,
          "schema_version": 0,
          "attributes": {
            "allow_auto_merge": false,
            "allow_merge_commit": true,
            "allow_rebase_merge": true,
            "allow_squash_merge": true,
            "allow_update_branch": false,
            "archived": false,
            "default_branch": "main",
            "delete_branch_on_merge": false,
            "description": "",
            "fork": false,
            "full_name": "dprzek/dprzek-agent_puc",
            "git_clone_url": "git://github.com/dprzek/dprzek-agent_puc.git",
            "has_discussions": false,
            "has_downloads": true,
            "has_issues": true,
            "has_projects": true,
            "has_wiki": true,
            "homepage_url": "",
            "html_url": "https://github.com/dprzek/dprzek-agent_puc",
            "http_clone_url": "https://github.com/dprzek/dprzek-agent_puc.git",
            "id": "dprzek-agent_puc",
            "is_template": false,
            "merge_commit_message": "PR_TITLE",
            "merge_commit_title": "MERGE_MESSAGE",
            "name": "dprzek-agent_puc",
            "node_id": "R_kgDOPwZm0g",
            "pages": [],
            "primary_language": "",
            "private": false,
            "repo_id": 1057384146,
            "repository_license": [],
            "squash_merge_commit_message": "COMMIT_MESSAGES",
            "squash_merge_commit_title": "COMMIT_OR_PR_TITLE",
            "ssh_clone_url": "git@github.com:dprzek/dprzek-agent_puc.git",
            "svn_url": "https://github.com/dprzek/dprzek-agent_puc",
            "template": [],
            "topics": [],
            "visibility": "public"
          },
          "sensitive_attributes": []
        }
      ]
    },
    {
      "mode": "data",
      "type": "google_project",
      "name": "projects",
      "provider": "provider[\"registry.terraform.io/hashicorp/google\"]",
      "instances": [
        {
          "index_key": "prod",
          "schema_version": 0,
          "attributes": {
            "auto_create_network": null,
            "billing_account": null,
            "deletion_policy": "PREVENT",
            "effective_labels": {},
            "folder_id": "",
            "id": "projects/dprzek-prod",
            "labels": {},
            "name": "dprzek-prod",
            "number": "197779150228",
            "org_id": "1059109730485",
            "project_id": "dprzek-prod",
            "tags": null,
            "terraform_labels": {}
          },
          "sensitive_attributes": []
        },
        {
          "index_key": "staging",
          "schema_version": 0,
          "attributes": {
            "auto_create_network": null,
            "billing_account": null,
            "deletion_policy": "PREVENT",
            "effective_labels": {},
            "folder_id": "",
            "id": "projects/dprzek-stage",
            "labels": {},
            "name": "dprzek-stage",
            "number": "997690177662",
            "org_id": "1059109730485",
            "project_id": "dprzek-stage",
            "tags": null,
            "terraform_labels": {}
          },
          "sensitive_attributes": []
        }
      ]
    },
    {
      "mode": "data",
      "type": "google_secret_manager_secret",
      "name": "github_pat",
      "provider": "provider[\"registry.terraform.io/hashicorp/google\"]",
      "instances": [
        {
          "schema_version": 0,
          "attributes": {
            "annotations": {},
            "create_time": "2025-09-15T16:39:42.810110Z",
            "deletion_protection": false,
            "effective_annotations": {},
            "effective_labels": {},
            "expire_time": "",
            "id": "projects/dprzek-vertex/secrets/github_pat",
            "labels": {},
            "name": "projects/672658926390/secrets/github_pat",
            "project": "dprzek-vertex",
            "replication": [
              {
                "auto": [
                  {
                    "customer_managed_encryption": []
                  }
                ],
                "user_managed": []
              }
            ],
            "rotation": [],
            "secret_id": "github_pat",
            "tags": null,
            "terraform_labels": {},
            "topics": [],
            "ttl": null,
            "version_aliases": {},
            "version_destroy_ttl": ""
          },
          "sensitive_attributes": []
        }
      ]
    },
    {
      "mode": "managed",
      "type": "google_bigquery_dataset",
      "name": "feedback_dataset",
      "provider": "provider[\"registry.terraform.io/hashicorp/google\"]",
      "instances": [
        {
          "index_key": "prod",
          "schema_version": 0,
          "attributes": {
            "access": [
              {
                "condition": [],
                "dataset": [],
                "domain": "",
                "group_by_email": "",
                "iam_member": "",
                "role": "OWNER",
                "routine": [],
                "special_group": "",
                "user_by_email": "admin@dprzek.altostrat.com",
                "view": []
              },
              {
                "condition": [],
                "dataset": [],
                "domain": "",
                "group_by_email": "",
                "iam_member": "",
                "role": "OWNER",
                "routine": [],
                "special_group": "projectOwners",
                "user_by_email": "",
                "view": []
              },
              {
                "condition": [],
                "dataset": [],
                "domain": "",
                "group_by_email": "",
                "iam_member": "",
                "role": "READER",
                "routine": [],
                "special_group": "projectReaders",
                "user_by_email": "",
                "view": []
              },
              {
                "condition": [],
                "dataset": [],
                "domain": "",
                "group_by_email": "",
                "iam_member": "",
                "role": "WRITER",
                "routine": [],
                "special_group": "projectWriters",
                "user_by_email": "",
                "view": []
              }
            ],
            "creation_time": 1757953019553,
            "dataset_id": "dprzek_vertex2_feedback",
            "default_collation": "",
            "default_encryption_configuration": [],
            "default_partition_expiration_ms": 0,
            "default_table_expiration_ms": 0,
            "delete_contents_on_destroy": false,
            "description": "",
            "effective_labels": {
              "goog-terraform-provisioned": "true"
            },
            "etag": "ZWBZU48zzcFE8gAYNMxEug==",
            "external_catalog_dataset_options": [],
            "external_dataset_reference": [],
            "friendly_name": "dprzek-vertex2_feedback",
            "id": "projects/dprzek-prod/datasets/dprzek_vertex2_feedback",
            "is_case_insensitive": false,
            "labels": {},
            "last_modified_time": 1757953019553,
            "location": "us-central1",
            "max_time_travel_hours": "168",
            "project": "dprzek-prod",
            "resource_tags": {},
            "self_link": "https://bigquery.googleapis.com/bigquery/v2/projects/dprzek-prod/datasets/dprzek_vertex2_feedback",
            "storage_billing_model": "",
            "terraform_labels": {
              "goog-terraform-provisioned": "true"
            },
            "timeouts": null
          },
          "sensitive_attributes": [],
          "private": "eyJlMmJmYjczMC1lY2FhLTExZTYtOGY4OC0zNDM2M2JjN2M0YzAiOnsiY3JlYXRlIjoxMjAwMDAwMDAwMDAwLCJkZWxldGUiOjEyMDAwMDAwMDAwMDAsInVwZGF0ZSI6MTIwMDAwMDAwMDAwMH19",
          "dependencies": [
            "google_project_service.cicd_services",
            "google_project_service.deploy_project_services"
          ]
        },
        {
          "index_key": "staging",
          "schema_version": 0,
          "attributes": {
            "access": [
              {
                "condition": [],
                "dataset": [],
                "domain": "",
                "group_by_email": "",
                "iam_member": "",
                "role": "OWNER",
                "routine": [],
                "special_group": "",
                "user_by_email": "admin@dprzek.altostrat.com",
                "view": []
              },
              {
                "condition": [],
                "dataset": [],
                "domain": "",
                "group_by_email": "",
                "iam_member": "",
                "role": "OWNER",
                "routine": [],
                "special_group": "projectOwners",
                "user_by_email": "",
                "view": []
              },
              {
                "condition": [],
                "dataset": [],
                "domain": "",
                "group_by_email": "",
                "iam_member": "",
                "role": "READER",
                "routine": [],
                "special_group": "projectReaders",
                "user_by_email": "",
                "view": []
              },
              {
                "condition": [],
                "dataset": [],
                "domain": "",
                "group_by_email": "",
                "iam_member": "",
                "role": "WRITER",
                "routine": [],
                "special_group": "projectWriters",
                "user_by_email": "",
                "view": []
              }
            ],
            "creation_time": 1757953019644,
            "dataset_id": "dprzek_vertex2_feedback",
            "default_collation": "",
            "default_encryption_configuration": [],
            "default_partition_expiration_ms": 0,
            "default_table_expiration_ms": 0,
            "delete_contents_on_destroy": false,
            "description": "",
            "effective_labels": {
              "goog-terraform-provisioned": "true"
            },
            "etag": "YXkahVHxp4iiy4jt9wi5Ww==",
            "external_catalog_dataset_options": [],
            "external_dataset_reference": [],
            "friendly_name": "dprzek-vertex2_feedback",
            "id": "projects/dprzek-stage/datasets/dprzek_vertex2_feedback",
            "is_case_insensitive": false,
            "labels": {},
            "last_modified_time": 1757953019644,
            "location": "us-central1",
            "max_time_travel_hours": "168",
            "project": "dprzek-stage",
            "resource_tags": {},
            "self_link": "https://bigquery.googleapis.com/bigquery/v2/projects/dprzek-stage/datasets/dprzek_vertex2_feedback",
            "storage_billing_model": "",
            "terraform_labels": {
              "goog-terraform-provisioned": "true"
            },
            "timeouts": null
          },
          "sensitive_attributes": [],
          "private": "eyJlMmJmYjczMC1lY2FhLTExZTYtOGY4OC0zNDM2M2JjN2M0YzAiOnsiY3JlYXRlIjoxMjAwMDAwMDAwMDAwLCJkZWxldGUiOjEyMDAwMDAwMDAwMDAsInVwZGF0ZSI6MTIwMDAwMDAwMDAwMH19",
          "dependencies": [
            "google_project_service.cicd_services",
            "google_project_service.deploy_project_services"
          ]
        }
      ]
    },
    {
      "mode": "managed",
      "type": "google_bigquery_dataset",
      "name": "telemetry_logs_dataset",
      "provider": "provider[\"registry.terraform.io/hashicorp/google\"]",
      "instances": [
        {
          "index_key": "prod",
          "schema_version": 0,
          "attributes": {
            "access": [
              {
                "condition": [],
                "dataset": [],
                "domain": "",
                "group_by_email": "",
                "iam_member": "",
                "role": "OWNER",
                "routine": [],
                "special_group": "",
                "user_by_email": "admin@dprzek.altostrat.com",
                "view": []
              },
              {
                "condition": [],
                "dataset": [],
                "domain": "",
                "group_by_email": "",
                "iam_member": "",
                "role": "OWNER",
                "routine": [],
                "special_group": "projectOwners",
                "user_by_email": "",
                "view": []
              },
              {
                "condition": [],
                "dataset": [],
                "domain": "",
                "group_by_email": "",
                "iam_member": "",
                "role": "READER",
                "routine": [],
                "special_group": "projectReaders",
                "user_by_email": "",
                "view": []
              },
              {
                "condition": [],
                "dataset": [],
                "domain": "",
                "group_by_email": "",
                "iam_member": "",
                "role": "WRITER",
                "routine": [],
                "special_group": "projectWriters",
                "user_by_email": "",
                "view": []
              }
            ],
            "creation_time": 1757953020537,
            "dataset_id": "dprzek_vertex2_telemetry",
            "default_collation": "",
            "default_encryption_configuration": [],
            "default_partition_expiration_ms": 0,
            "default_table_expiration_ms": 0,
            "delete_contents_on_destroy": false,
            "description": "",
            "effective_labels": {
              "goog-terraform-provisioned": "true"
            },
            "etag": "Zgz3Cb/tKC9lndwzWWJ3KQ==",
            "external_catalog_dataset_options": [],
            "external_dataset_reference": [],
            "friendly_name": "dprzek-vertex2_telemetry",
            "id": "projects/dprzek-prod/datasets/dprzek_vertex2_telemetry",
            "is_case_insensitive": false,
            "labels": {},
            "last_modified_time": 1757953020537,
            "location": "us-central1",
            "max_time_travel_hours": "168",
            "project": "dprzek-prod",
            "resource_tags": {},
            "self_link": "https://bigquery.googleapis.com/bigquery/v2/projects/dprzek-prod/datasets/dprzek_vertex2_telemetry",
            "storage_billing_model": "",
            "terraform_labels": {
              "goog-terraform-provisioned": "true"
            },
            "timeouts": null
          },
          "sensitive_attributes": [],
          "private": "eyJlMmJmYjczMC1lY2FhLTExZTYtOGY4OC0zNDM2M2JjN2M0YzAiOnsiY3JlYXRlIjoxMjAwMDAwMDAwMDAwLCJkZWxldGUiOjEyMDAwMDAwMDAwMDAsInVwZGF0ZSI6MTIwMDAwMDAwMDAwMH19",
          "dependencies": [
            "google_project_service.cicd_services",
            "google_project_service.deploy_project_services"
          ]
        },
        {
          "index_key": "staging",
          "schema_version": 0,
          "attributes": {
            "access": [
              {
                "condition": [],
                "dataset": [],
                "domain": "",
                "group_by_email": "",
                "iam_member": "",
                "role": "OWNER",
                "routine": [],
                "special_group": "",
                "user_by_email": "admin@dprzek.altostrat.com",
                "view": []
              },
              {
                "condition": [],
                "dataset": [],
                "domain": "",
                "group_by_email": "",
                "iam_member": "",
                "role": "OWNER",
                "routine": [],
                "special_group": "projectOwners",
                "user_by_email": "",
                "view": []
              },
              {
                "condition": [],
                "dataset": [],
                "domain": "",
                "group_by_email": "",
                "iam_member": "",
                "role": "READER",
                "routine": [],
                "special_group": "projectReaders",
                "user_by_email": "",
                "view": []
              },
              {
                "condition": [],
                "dataset": [],
                "domain": "",
                "group_by_email": "",
                "iam_member": "",
                "role": "WRITER",
                "routine": [],
                "special_group": "projectWriters",
                "user_by_email": "",
                "view": []
              }
            ],
            "creation_time": 1757953020358,
            "dataset_id": "dprzek_vertex2_telemetry",
            "default_collation": "",
            "default_encryption_configuration": [],
            "default_partition_expiration_ms": 0,
            "default_table_expiration_ms": 0,
            "delete_contents_on_destroy": false,
            "description": "",
            "effective_labels": {
              "goog-terraform-provisioned": "true"
            },
            "etag": "FG0iQyPprQUEncpLbrpLLg==",
            "external_catalog_dataset_options": [],
            "external_dataset_reference": [],
            "friendly_name": "dprzek-vertex2_telemetry",
            "id": "projects/dprzek-stage/datasets/dprzek_vertex2_telemetry",
            "is_case_insensitive": false,
            "labels": {},
            "last_modified_time": 1757953020358,
            "location": "us-central1",
            "max_time_travel_hours": "168",
            "project": "dprzek-stage",
            "resource_tags": {},
            "self_link": "https://bigquery.googleapis.com/bigquery/v2/projects/dprzek-stage/datasets/dprzek_vertex2_telemetry",
            "storage_billing_model": "",
            "terraform_labels": {
              "goog-terraform-provisioned": "true"
            },
            "timeouts": null
          },
          "sensitive_attributes": [],
          "private": "eyJlMmJmYjczMC1lY2FhLTExZTYtOGY4OC0zNDM2M2JjN2M0YzAiOnsiY3JlYXRlIjoxMjAwMDAwMDAwMDAwLCJkZWxldGUiOjEyMDAwMDAwMDAwMDAsInVwZGF0ZSI6MTIwMDAwMDAwMDAwMH19",
          "dependencies": [
            "google_project_service.cicd_services",
            "google_project_service.deploy_project_services"
          ]
        }
      ]
    },
    {
      "mode": "managed",
      "type": "google_cloudbuild_trigger",
      "name": "cd_pipeline",
      "provider": "provider[\"registry.terraform.io/hashicorp/google\"]",
      "instances": [
        {
          "schema_version": 2,
          "attributes": {
            "approval_config": [
              {
                "approval_required": false
              }
            ],
            "bitbucket_server_trigger_config": [],
            "build": [],
            "create_time": "2025-09-15T16:48:59.181122370Z",
            "description": "Trigger for CD pipeline",
            "disabled": false,
            "filename": ".cloudbuild/staging.yaml",
            "filter": "",
            "git_file_source": [],
            "github": [],
            "id": "projects/dprzek-vertex/locations/us-central1/triggers/51dc1f3a-af5a-4209-8f10-4b8a2a95fb5d",
            "ignored_files": null,
            "include_build_logs": "INCLUDE_BUILD_LOGS_WITH_STATUS",
            "included_files": [
              "app/**",
              "data_ingestion/**",
              "tests/**",
              "deployment/**",
              "uv.lock"
            ],
            "location": "us-central1",
            "name": "cd-dprzek-vertex2",
            "project": "dprzek-vertex",
            "pubsub_config": [],
            "repository_event_config": [
              {
                "pull_request": [],
                "push": [
                  {
                    "branch": "main",
                    "invert_regex": false,
                    "tag": ""
                  }
                ],
                "repository": "projects/dprzek-vertex/locations/us-central1/connections/test-cicd/repositories/dprzek-agent_puc"
              }
            ],
            "service_account": "projects/dprzek-vertex/serviceAccounts/dprzek-vertex2-cb@dprzek-vertex.iam.gserviceaccount.com",
            "source_to_build": [],
            "substitutions": {
              "_APP_SA_EMAIL_STAGING": "dprzek-vertex2-app@dprzek-stage.iam.gserviceaccount.com",
              "_BUCKET_NAME_LOAD_TEST_RESULTS": "dprzek-vertex-dprzek-vertex2-load-test",
              "_REGION": "us-central1",
              "_STAGING_PROJECT_ID": "dprzek-stage"
            },
            "tags": null,
            "timeouts": null,
            "trigger_id": "51dc1f3a-af5a-4209-8f10-4b8a2a95fb5d",
            "trigger_template": [],
            "webhook_config": []
          },
          "sensitive_attributes": [],
          "private": "eyJlMmJmYjczMC1lY2FhLTExZTYtOGY4OC0zNDM2M2JjN2M0YzAiOnsiY3JlYXRlIjoxMjAwMDAwMDAwMDAwLCJkZWxldGUiOjEyMDAwMDAwMDAwMDAsInVwZGF0ZSI6MTIwMDAwMDAwMDAwMH0sInNjaGVtYV92ZXJzaW9uIjoiMiJ9",
          "dependencies": [
            "data.github_repository.existing_repo",
            "github_repository.repo",
            "google_cloudbuildv2_connection.github_connection",
            "google_cloudbuildv2_repository.repo",
            "google_project_service.cicd_services",
            "google_project_service.deploy_project_services",
            "google_service_account.app_sa",
            "google_service_account.cicd_runner_sa",
            "google_storage_bucket.bucket_load_test_results"
          ]
        }
      ]
    },
    {
      "mode": "managed",
      "type": "google_cloudbuild_trigger",
      "name": "deploy_to_prod_pipeline",
      "provider": "provider[\"registry.terraform.io/hashicorp/google\"]",
      "instances": [
        {
          "schema_version": 2,
          "attributes": {
            "approval_config": [
              {
                "approval_required": true
              }
            ],
            "bitbucket_server_trigger_config": [],
            "build": [],
            "create_time": "2025-09-15T16:48:59.196455531Z",
            "description": "Trigger for deployment to production",
            "disabled": false,
            "filename": ".cloudbuild/deploy-to-prod.yaml",
            "filter": "",
            "git_file_source": [],
            "github": [],
            "id": "projects/dprzek-vertex/locations/us-central1/triggers/301fb3a9-50ea-4a50-ba7a-ebce92342fa2",
            "ignored_files": null,
            "include_build_logs": "INCLUDE_BUILD_LOGS_WITH_STATUS",
            "included_files": null,
            "location": "us-central1",
            "name": "deploy-dprzek-vertex2",
            "project": "dprzek-vertex",
            "pubsub_config": [],
            "repository_event_config": [
              {
                "pull_request": [],
                "push": [],
                "repository": "projects/dprzek-vertex/locations/us-central1/connections/test-cicd/repositories/dprzek-agent_puc"
              }
            ],
            "service_account": "projects/dprzek-vertex/serviceAccounts/dprzek-vertex2-cb@dprzek-vertex.iam.gserviceaccount.com",
            "source_to_build": [],
            "substitutions": {
              "_APP_SA_EMAIL_PROD": "dprzek-vertex2-app@dprzek-prod.iam.gserviceaccount.com",
              "_PROD_PROJECT_ID": "dprzek-prod",
              "_REGION": "us-central1"
            },
            "tags": null,
            "timeouts": null,
            "trigger_id": "301fb3a9-50ea-4a50-ba7a-ebce92342fa2",
            "trigger_template": [],
            "webhook_config": []
          },
          "sensitive_attributes": [],
          "private": "eyJlMmJmYjczMC1lY2FhLTExZTYtOGY4OC0zNDM2M2JjN2M0YzAiOnsiY3JlYXRlIjoxMjAwMDAwMDAwMDAwLCJkZWxldGUiOjEyMDAwMDAwMDAwMDAsInVwZGF0ZSI6MTIwMDAwMDAwMDAwMH0sInNjaGVtYV92ZXJzaW9uIjoiMiJ9",
          "dependencies": [
            "data.github_repository.existing_repo",
            "github_repository.repo",
            "google_cloudbuildv2_connection.github_connection",
            "google_cloudbuildv2_repository.repo",
            "google_project_service.cicd_services",
            "google_project_service.deploy_project_services",
            "google_service_account.app_sa",
            "google_service_account.cicd_runner_sa"
          ]
        }
      ]
    },
    {
      "mode": "managed",
      "type": "google_cloudbuild_trigger",
      "name": "pr_checks",
      "provider": "provider[\"registry.terraform.io/hashicorp/google\"]",
      "instances": [
        {
          "schema_version": 2,
          "attributes": {
            "approval_config": [
              {
                "approval_required": false
              }
            ],
            "bitbucket_server_trigger_config": [],
            "build": [],
            "create_time": "2025-09-15T16:48:59.188783169Z",
            "description": "Trigger for PR checks",
            "disabled": false,
            "filename": ".cloudbuild/pr_checks.yaml",
            "filter": "",
            "git_file_source": [],
            "github": [],
            "id": "projects/dprzek-vertex/locations/us-central1/triggers/934768ba-61c6-4c79-b25a-e1f65e722e08",
            "ignored_files": null,
            "include_build_logs": "INCLUDE_BUILD_LOGS_WITH_STATUS",
            "included_files": [
              "app/**",
              "data_ingestion/**",
              "tests/**",
              "deployment/**",
              "uv.lock"
            ],
            "location": "us-central1",
            "name": "pr-dprzek-vertex2",
            "project": "dprzek-vertex",
            "pubsub_config": [],
            "repository_event_config": [
              {
                "pull_request": [
                  {
                    "branch": "main",
                    "comment_control": "",
                    "invert_regex": false
                  }
                ],
                "push": [],
                "repository": "projects/dprzek-vertex/locations/us-central1/connections/test-cicd/repositories/dprzek-agent_puc"
              }
            ],
            "service_account": "projects/dprzek-vertex/serviceAccounts/dprzek-vertex2-cb@dprzek-vertex.iam.gserviceaccount.com",
            "source_to_build": [],
            "substitutions": null,
            "tags": null,
            "timeouts": null,
            "trigger_id": "934768ba-61c6-4c79-b25a-e1f65e722e08",
            "trigger_template": [],
            "webhook_config": []
          },
          "sensitive_attributes": [],
          "private": "eyJlMmJmYjczMC1lY2FhLTExZTYtOGY4OC0zNDM2M2JjN2M0YzAiOnsiY3JlYXRlIjoxMjAwMDAwMDAwMDAwLCJkZWxldGUiOjEyMDAwMDAwMDAwMDAsInVwZGF0ZSI6MTIwMDAwMDAwMDAwMH0sInNjaGVtYV92ZXJzaW9uIjoiMiJ9",
          "dependencies": [
            "data.github_repository.existing_repo",
            "github_repository.repo",
            "google_cloudbuildv2_connection.github_connection",
            "google_cloudbuildv2_repository.repo",
            "google_project_service.cicd_services",
            "google_project_service.deploy_project_services",
            "google_service_account.cicd_runner_sa"
          ]
        }
      ]
    },
    {
      "mode": "managed",
      "type": "google_cloudbuildv2_repository",
      "name": "repo",
      "provider": "provider[\"registry.terraform.io/hashicorp/google\"]",
      "instances": [
        {
          "schema_version": 0,
          "attributes": {
            "annotations": null,
            "create_time": "2025-09-15T16:48:46.229593012Z",
            "effective_annotations": {},
            "etag": "WQAqZQpYYwGQJMH5k0vigdI0qatm1ZsaEJVnZR_9iG8",
            "id": "projects/dprzek-vertex/locations/us-central1/connections/test-cicd/repositories/dprzek-agent_puc",
            "location": "us-central1",
            "name": "dprzek-agent_puc",
            "parent_connection": "projects/dprzek-vertex/locations/us-central1/connections/test-cicd",
            "project": "dprzek-vertex",
            "remote_uri": "https://github.com/dprzek/dprzek-agent_puc.git",
            "timeouts": null,
            "update_time": "2025-09-15T16:48:46.919366781Z"
          },
          "sensitive_attributes": [],
          "private": "eyJlMmJmYjczMC1lY2FhLTExZTYtOGY4OC0zNDM2M2JjN2M0YzAiOnsiY3JlYXRlIjoxMjAwMDAwMDAwMDAwLCJkZWxldGUiOjEyMDAwMDAwMDAwMDB9fQ==",
          "dependencies": [
            "data.github_repository.existing_repo",
            "github_repository.repo",
            "google_cloudbuildv2_connection.github_connection",
            "google_project_service.cicd_services",
            "google_project_service.deploy_project_services"
          ]
        }
      ]
    },
    {
      "mode": "managed",
      "type": "google_project_iam_member",
      "name": "app_sa_roles",
      "provider": "provider[\"registry.terraform.io/hashicorp/google\"]",
      "instances": [
        {
          "index_key": "prod,roles/aiplatform.user",
          "schema_version": 0,
          "attributes": {
            "condition": [],
            "etag": "BwY+2VgOsGg=",
            "id": "dprzek-prod/roles/aiplatform.user/serviceAccount:dprzek-vertex2-app@dprzek-prod.iam.gserviceaccount.com",
            "member": "serviceAccount:dprzek-vertex2-app@dprzek-prod.iam.gserviceaccount.com",
            "project": "dprzek-prod",
            "role": "roles/aiplatform.user"
          },
          "sensitive_attributes": [],
          "private": "bnVsbA==",
          "dependencies": [
            "google_project_service.cicd_services",
            "google_project_service.deploy_project_services",
            "google_service_account.app_sa"
          ]
        },
        {
          "index_key": "prod,roles/cloudtrace.agent",
          "schema_version": 0,
          "attributes": {
            "condition": [],
            "etag": "BwY+2VgOsGg=",
            "id": "dprzek-prod/roles/cloudtrace.agent/serviceAccount:dprzek-vertex2-app@dprzek-prod.iam.gserviceaccount.com",
            "member": "serviceAccount:dprzek-vertex2-app@dprzek-prod.iam.gserviceaccount.com",
            "project": "dprzek-prod",
            "role": "roles/cloudtrace.agent"
          },
          "sensitive_attributes": [],
          "private": "bnVsbA==",
          "dependencies": [
            "google_project_service.cicd_services",
            "google_project_service.deploy_project_services",
            "google_service_account.app_sa"
          ]
        },
        {
          "index_key": "prod,roles/discoveryengine.editor",
          "schema_version": 0,
          "attributes": {
            "condition": [],
            "etag": "BwY+2VgOsGg=",
            "id": "dprzek-prod/roles/discoveryengine.editor/serviceAccount:dprzek-vertex2-app@dprzek-prod.iam.gserviceaccount.com",
            "member": "serviceAccount:dprzek-vertex2-app@dprzek-prod.iam.gserviceaccount.com",
            "project": "dprzek-prod",
            "role": "roles/discoveryengine.editor"
          },
          "sensitive_attributes": [],
          "private": "bnVsbA==",
          "dependencies": [
            "google_project_service.cicd_services",
            "google_project_service.deploy_project_services",
            "google_service_account.app_sa"
          ]
        },
        {
          "index_key": "prod,roles/logging.logWriter",
          "schema_version": 0,
          "attributes": {
            "condition": [],
            "etag": "BwY+2VgOsGg=",
            "id": "dprzek-prod/roles/logging.logWriter/serviceAccount:dprzek-vertex2-app@dprzek-prod.iam.gserviceaccount.com",
            "member": "serviceAccount:dprzek-vertex2-app@dprzek-prod.iam.gserviceaccount.com",
            "project": "dprzek-prod",
            "role": "roles/logging.logWriter"
          },
          "sensitive_attributes": [],
          "private": "bnVsbA==",
          "dependencies": [
            "google_project_service.cicd_services",
            "google_project_service.deploy_project_services",
            "google_service_account.app_sa"
          ]
        },
        {
          "index_key": "prod,roles/serviceusage.serviceUsageConsumer",
          "schema_version": 0,
          "attributes": {
            "condition": [],
            "etag": "BwY+2VgOsGg=",
            "id": "dprzek-prod/roles/serviceusage.serviceUsageConsumer/serviceAccount:dprzek-vertex2-app@dprzek-prod.iam.gserviceaccount.com",
            "member": "serviceAccount:dprzek-vertex2-app@dprzek-prod.iam.gserviceaccount.com",
            "project": "dprzek-prod",
            "role": "roles/serviceusage.serviceUsageConsumer"
          },
          "sensitive_attributes": [],
          "private": "bnVsbA==",
          "dependencies": [
            "google_project_service.cicd_services",
            "google_project_service.deploy_project_services",
            "google_service_account.app_sa"
          ]
        },
        {
          "index_key": "prod,roles/storage.admin",
          "schema_version": 0,
          "attributes": {
            "condition": [],
            "etag": "BwY+2VgOsGg=",
            "id": "dprzek-prod/roles/storage.admin/serviceAccount:dprzek-vertex2-app@dprzek-prod.iam.gserviceaccount.com",
            "member": "serviceAccount:dprzek-vertex2-app@dprzek-prod.iam.gserviceaccount.com",
            "project": "dprzek-prod",
            "role": "roles/storage.admin"
          },
          "sensitive_attributes": [],
          "private": "bnVsbA==",
          "dependencies": [
            "google_project_service.cicd_services",
            "google_project_service.deploy_project_services",
            "google_service_account.app_sa"
          ]
        },
        {
          "index_key": "staging,roles/aiplatform.user",
          "schema_version": 0,
          "attributes": {
            "condition": [],
            "etag": "BwY+2Vfl47E=",
            "id": "dprzek-stage/roles/aiplatform.user/serviceAccount:dprzek-vertex2-app@dprzek-stage.iam.gserviceaccount.com",
            "member": "serviceAccount:dprzek-vertex2-app@dprzek-stage.iam.gserviceaccount.com",
            "project": "dprzek-stage",
            "role": "roles/aiplatform.user"
          },
          "sensitive_attributes": [],
          "private": "bnVsbA==",
          "dependencies": [
            "google_project_service.cicd_services",
            "google_project_service.deploy_project_services",
            "google_service_account.app_sa"
          ]
        },
        {
          "index_key": "staging,roles/cloudtrace.agent",
          "schema_version": 0,
          "attributes": {
            "condition": [],
            "etag": "BwY+2Vfl47E=",
            "id": "dprzek-stage/roles/cloudtrace.agent/serviceAccount:dprzek-vertex2-app@dprzek-stage.iam.gserviceaccount.com",
            "member": "serviceAccount:dprzek-vertex2-app@dprzek-stage.iam.gserviceaccount.com",
            "project": "dprzek-stage",
            "role": "roles/cloudtrace.agent"
          },
          "sensitive_attributes": [],
          "private": "bnVsbA==",
          "dependencies": [
            "google_project_service.cicd_services",
            "google_project_service.deploy_project_services",
            "google_service_account.app_sa"
          ]
        },
        {
          "index_key": "staging,roles/discoveryengine.editor",
          "schema_version": 0,
          "attributes": {
            "condition": [],
            "etag": "BwY+2Vfl47E=",
            "id": "dprzek-stage/roles/discoveryengine.editor/serviceAccount:dprzek-vertex2-app@dprzek-stage.iam.gserviceaccount.com",
            "member": "serviceAccount:dprzek-vertex2-app@dprzek-stage.iam.gserviceaccount.com",
            "project": "dprzek-stage",
            "role": "roles/discoveryengine.editor"
          },
          "sensitive_attributes": [],
          "private": "bnVsbA==",
          "dependencies": [
            "google_project_service.cicd_services",
            "google_project_service.deploy_project_services",
            "google_service_account.app_sa"
          ]
        },
        {
          "index_key": "staging,roles/logging.logWriter",
          "schema_version": 0,
          "attributes": {
            "condition": [],
            "etag": "BwY+2Vfl47E=",
            "id": "dprzek-stage/roles/logging.logWriter/serviceAccount:dprzek-vertex2-app@dprzek-stage.iam.gserviceaccount.com",
            "member": "serviceAccount:dprzek-vertex2-app@dprzek-stage.iam.gserviceaccount.com",
            "project": "dprzek-stage",
            "role": "roles/logging.logWriter"
          },
          "sensitive_attributes": [],
          "private": "bnVsbA==",
          "dependencies": [
            "google_project_service.cicd_services",
            "google_project_service.deploy_project_services",
            "google_service_account.app_sa"
          ]
        },
        {
          "index_key": "staging,roles/serviceusage.serviceUsageConsumer",
          "schema_version": 0,
          "attributes": {
            "condition": [],
            "etag": "BwY+2Vfl47E=",
            "id": "dprzek-stage/roles/serviceusage.serviceUsageConsumer/serviceAccount:dprzek-vertex2-app@dprzek-stage.iam.gserviceaccount.com",
            "member": "serviceAccount:dprzek-vertex2-app@dprzek-stage.iam.gserviceaccount.com",
            "project": "dprzek-stage",
            "role": "roles/serviceusage.serviceUsageConsumer"
          },
          "sensitive_attributes": [],
          "private": "bnVsbA==",
          "dependencies": [
            "google_project_service.cicd_services",
            "google_project_service.deploy_project_services",
            "google_service_account.app_sa"
          ]
        },
        {
          "index_key": "staging,roles/storage.admin",
          "schema_version": 0,
          "attributes": {
            "condition": [],
            "etag": "BwY+2Vfl47E=",
            "id": "dprzek-stage/roles/storage.admin/serviceAccount:dprzek-vertex2-app@dprzek-stage.iam.gserviceaccount.com",
            "member": "serviceAccount:dprzek-vertex2-app@dprzek-stage.iam.gserviceaccount.com",
            "project": "dprzek-stage",
            "role": "roles/storage.admin"
          },
          "sensitive_attributes": [],
          "private": "bnVsbA==",
          "dependencies": [
            "google_project_service.cicd_services",
            "google_project_service.deploy_project_services",
            "google_service_account.app_sa"
          ]
        }
      ]
    },
    {
      "mode": "managed",
      "type": "google_project_iam_member",
      "name": "bigquery_data_editor",
      "provider": "provider[\"registry.terraform.io/hashicorp/google\"]",
      "instances": [
        {
          "index_key": "prod",
          "schema_version": 0,
          "attributes": {
            "condition": [],
            "etag": "BwY+2VgOsGg=",
            "id": "dprzek-prod/roles/bigquery.dataEditor/serviceAccount:service-197779150228@gcp-sa-logging.iam.gserviceaccount.com",
            "member": "serviceAccount:service-197779150228@gcp-sa-logging.iam.gserviceaccount.com",
            "project": "dprzek-prod",
            "role": "roles/bigquery.dataEditor"
          },
          "sensitive_attributes": [],
          "private": "bnVsbA==",
          "dependencies": [
            "google_bigquery_dataset.telemetry_logs_dataset",
            "google_project_service.cicd_services",
            "google_project_service.deploy_project_services",
            "module.log_export_to_bigquery.google_logging_billing_account_sink.sink",
            "module.log_export_to_bigquery.google_logging_folder_sink.sink",
            "module.log_export_to_bigquery.google_logging_organization_sink.sink",
            "module.log_export_to_bigquery.google_logging_project_sink.sink"
          ]
        },
        {
          "index_key": "staging",
          "schema_version": 0,
          "attributes": {
            "condition": [],
            "etag": "BwY+2Vfl47E=",
            "id": "dprzek-stage/roles/bigquery.dataEditor/serviceAccount:service-997690177662@gcp-sa-logging.iam.gserviceaccount.com",
            "member": "serviceAccount:service-997690177662@gcp-sa-logging.iam.gserviceaccount.com",
            "project": "dprzek-stage",
            "role": "roles/bigquery.dataEditor"
          },
          "sensitive_attributes": [],
          "private": "bnVsbA==",
          "dependencies": [
            "google_bigquery_dataset.telemetry_logs_dataset",
            "google_project_service.cicd_services",
            "google_project_service.deploy_project_services",
            "module.log_export_to_bigquery.google_logging_billing_account_sink.sink",
            "module.log_export_to_bigquery.google_logging_folder_sink.sink",
            "module.log_export_to_bigquery.google_logging_organization_sink.sink",
            "module.log_export_to_bigquery.google_logging_project_sink.sink"
          ]
        }
      ]
    },
    {
      "mode": "managed",
      "type": "google_project_iam_member",
      "name": "cicd_project_roles",
      "provider": "provider[\"registry.terraform.io/hashicorp/google\"]",
      "instances": [
        {
          "index_key": "roles/aiplatform.user",
          "schema_version": 0,
          "attributes": {
            "condition": [],
            "etag": "BwY+2Vdk2/0=",
            "id": "dprzek-vertex/roles/aiplatform.user/serviceAccount:dprzek-vertex2-cb@dprzek-vertex.iam.gserviceaccount.com",
            "member": "serviceAccount:dprzek-vertex2-cb@dprzek-vertex.iam.gserviceaccount.com",
            "project": "dprzek-vertex",
            "role": "roles/aiplatform.user"
          },
          "sensitive_attributes": [],
          "private": "bnVsbA==",
          "dependencies": [
            "google_project_service.cicd_services",
            "google_project_service.deploy_project_services",
            "google_service_account.cicd_runner_sa"
          ]
        },
        {
          "index_key": "roles/artifactregistry.writer",
          "schema_version": 0,
          "attributes": {
            "condition": [],
            "etag": "BwY+2Vdk2/0=",
            "id": "dprzek-vertex/roles/artifactregistry.writer/serviceAccount:dprzek-vertex2-cb@dprzek-vertex.iam.gserviceaccount.com",
            "member": "serviceAccount:dprzek-vertex2-cb@dprzek-vertex.iam.gserviceaccount.com",
            "project": "dprzek-vertex",
            "role": "roles/artifactregistry.writer"
          },
          "sensitive_attributes": [],
          "private": "bnVsbA==",
          "dependencies": [
            "google_project_service.cicd_services",
            "google_project_service.deploy_project_services",
            "google_service_account.cicd_runner_sa"
          ]
        },
        {
          "index_key": "roles/cloudbuild.builds.builder",
          "schema_version": 0,
          "attributes": {
            "condition": [],
            "etag": "BwY+2Vdk2/0=",
            "id": "dprzek-vertex/roles/cloudbuild.builds.builder/serviceAccount:dprzek-vertex2-cb@dprzek-vertex.iam.gserviceaccount.com",
            "member": "serviceAccount:dprzek-vertex2-cb@dprzek-vertex.iam.gserviceaccount.com",
            "project": "dprzek-vertex",
            "role": "roles/cloudbuild.builds.builder"
          },
          "sensitive_attributes": [],
          "private": "bnVsbA==",
          "dependencies": [
            "google_project_service.cicd_services",
            "google_project_service.deploy_project_services",
            "google_service_account.cicd_runner_sa"
          ]
        },
        {
          "index_key": "roles/cloudtrace.agent",
          "schema_version": 0,
          "attributes": {
            "condition": [],
            "etag": "BwY+2Vdk2/0=",
            "id": "dprzek-vertex/roles/cloudtrace.agent/serviceAccount:dprzek-vertex2-cb@dprzek-vertex.iam.gserviceaccount.com",
            "member": "serviceAccount:dprzek-vertex2-cb@dprzek-vertex.iam.gserviceaccount.com",
            "project": "dprzek-vertex",
            "role": "roles/cloudtrace.agent"
          },
          "sensitive_attributes": [],
          "private": "bnVsbA==",
          "dependencies": [
            "google_project_service.cicd_services",
            "google_project_service.deploy_project_services",
            "google_service_account.cicd_runner_sa"
          ]
        },
        {
          "index_key": "roles/discoveryengine.editor",
          "schema_version": 0,
          "attributes": {
            "condition": [],
            "etag": "BwY+2Vdk2/0=",
            "id": "dprzek-vertex/roles/discoveryengine.editor/serviceAccount:dprzek-vertex2-cb@dprzek-vertex.iam.gserviceaccount.com",
            "member": "serviceAccount:dprzek-vertex2-cb@dprzek-vertex.iam.gserviceaccount.com",
            "project": "dprzek-vertex",
            "role": "roles/discoveryengine.editor"
          },
          "sensitive_attributes": [],
          "private": "bnVsbA==",
          "dependencies": [
            "google_project_service.cicd_services",
            "google_project_service.deploy_project_services",
            "google_service_account.cicd_runner_sa"
          ]
        },
        {
          "index_key": "roles/logging.logWriter",
          "schema_version": 0,
          "attributes": {
            "condition": [],
            "etag": "BwY+2Vdk2/0=",
            "id": "dprzek-vertex/roles/logging.logWriter/serviceAccount:dprzek-vertex2-cb@dprzek-vertex.iam.gserviceaccount.com",
            "member": "serviceAccount:dprzek-vertex2-cb@dprzek-vertex.iam.gserviceaccount.com",
            "project": "dprzek-vertex",
            "role": "roles/logging.logWriter"
          },
          "sensitive_attributes": [],
          "private": "bnVsbA==",
          "dependencies": [
            "google_project_service.cicd_services",
            "google_project_service.deploy_project_services",
            "google_service_account.cicd_runner_sa"
          ]
        },
        {
          "index_key": "roles/storage.admin",
          "schema_version": 0,
          "attributes": {
            "condition": [],
            "etag": "BwY+2Vdk2/0=",
            "id": "dprzek-vertex/roles/storage.admin/serviceAccount:dprzek-vertex2-cb@dprzek-vertex.iam.gserviceaccount.com",
            "member": "serviceAccount:dprzek-vertex2-cb@dprzek-vertex.iam.gserviceaccount.com",
            "project": "dprzek-vertex",
            "role": "roles/storage.admin"
          },
          "sensitive_attributes": [],
          "private": "bnVsbA==",
          "dependencies": [
            "google_project_service.cicd_services",
            "google_project_service.deploy_project_services",
            "google_service_account.cicd_runner_sa"
          ]
        }
      ]
    },
    {
      "mode": "managed",
      "type": "google_project_iam_member",
      "name": "other_projects_roles",
      "provider": "provider[\"registry.terraform.io/hashicorp/google\"]",
      "instances": [
        {
          "index_key": "prod-roles/aiplatform.user",
          "schema_version": 0,
          "attributes": {
            "condition": [],
            "etag": "BwY+2VgOsGg=",
            "id": "dprzek-prod/roles/aiplatform.user/serviceAccount:dprzek-vertex2-cb@dprzek-vertex.iam.gserviceaccount.com",
            "member": "serviceAccount:dprzek-vertex2-cb@dprzek-vertex.iam.gserviceaccount.com",
            "project": "dprzek-prod",
            "role": "roles/aiplatform.user"
          },
          "sensitive_attributes": [],
          "private": "bnVsbA==",
          "dependencies": [
            "google_project_service.cicd_services",
            "google_project_service.deploy_project_services",
            "google_service_account.cicd_runner_sa"
          ]
        },
        {
          "index_key": "prod-roles/iam.serviceAccountUser",
          "schema_version": 0,
          "attributes": {
            "condition": [],
            "etag": "BwY+2VgOsGg=",
            "id": "dprzek-prod/roles/iam.serviceAccountUser/serviceAccount:dprzek-vertex2-cb@dprzek-vertex.iam.gserviceaccount.com",
            "member": "serviceAccount:dprzek-vertex2-cb@dprzek-vertex.iam.gserviceaccount.com",
            "project": "dprzek-prod",
            "role": "roles/iam.serviceAccountUser"
          },
          "sensitive_attributes": [],
          "private": "bnVsbA==",
          "dependencies": [
            "google_project_service.cicd_services",
            "google_project_service.deploy_project_services",
            "google_service_account.cicd_runner_sa"
          ]
        },
        {
          "index_key": "prod-roles/storage.admin",
          "schema_version": 0,
          "attributes": {
            "condition": [],
            "etag": "BwY+2VgOsGg=",
            "id": "dprzek-prod/roles/storage.admin/serviceAccount:dprzek-vertex2-cb@dprzek-vertex.iam.gserviceaccount.com",
            "member": "serviceAccount:dprzek-vertex2-cb@dprzek-vertex.iam.gserviceaccount.com",
            "project": "dprzek-prod",
            "role": "roles/storage.admin"
          },
          "sensitive_attributes": [],
          "private": "bnVsbA==",
          "dependencies": [
            "google_project_service.cicd_services",
            "google_project_service.deploy_project_services",
            "google_service_account.cicd_runner_sa"
          ]
        },
        {
          "index_key": "staging-roles/aiplatform.user",
          "schema_version": 0,
          "attributes": {
            "condition": [],
            "etag": "BwY+2Vfl47E=",
            "id": "dprzek-stage/roles/aiplatform.user/serviceAccount:dprzek-vertex2-cb@dprzek-vertex.iam.gserviceaccount.com",
            "member": "serviceAccount:dprzek-vertex2-cb@dprzek-vertex.iam.gserviceaccount.com",
            "project": "dprzek-stage",
            "role": "roles/aiplatform.user"
          },
          "sensitive_attributes": [],
          "private": "bnVsbA==",
          "dependencies": [
            "google_project_service.cicd_services",
            "google_project_service.deploy_project_services",
            "google_service_account.cicd_runner_sa"
          ]
        },
        {
          "index_key": "staging-roles/iam.serviceAccountUser",
          "schema_version": 0,
          "attributes": {
            "condition": [],
            "etag": "BwY+2Vfl47E=",
            "id": "dprzek-stage/roles/iam.serviceAccountUser/serviceAccount:dprzek-vertex2-cb@dprzek-vertex.iam.gserviceaccount.com",
            "member": "serviceAccount:dprzek-vertex2-cb@dprzek-vertex.iam.gserviceaccount.com",
            "project": "dprzek-stage",
            "role": "roles/iam.serviceAccountUser"
          },
          "sensitive_attributes": [],
          "private": "bnVsbA==",
          "dependencies": [
            "google_project_service.cicd_services",
            "google_project_service.deploy_project_services",
            "google_service_account.cicd_runner_sa"
          ]
        },
        {
          "index_key": "staging-roles/storage.admin",
          "schema_version": 0,
          "attributes": {
            "condition": [],
            "etag": "BwY+2Vfl47E=",
            "id": "dprzek-stage/roles/storage.admin/serviceAccount:dprzek-vertex2-cb@dprzek-vertex.iam.gserviceaccount.com",
            "member": "serviceAccount:dprzek-vertex2-cb@dprzek-vertex.iam.gserviceaccount.com",
            "project": "dprzek-stage",
            "role": "roles/storage.admin"
          },
          "sensitive_attributes": [],
          "private": "bnVsbA==",
          "dependencies": [
            "google_project_service.cicd_services",
            "google_project_service.deploy_project_services",
            "google_service_account.cicd_runner_sa"
          ]
        }
      ]
    },
    {
      "mode": "managed",
      "type": "google_project_service",
      "name": "cicd_cloud_resource_manager_api",
      "provider": "provider[\"registry.terraform.io/hashicorp/google\"]",
      "instances": [
        {
          "schema_version": 0,
          "attributes": {
            "disable_dependent_services": null,
            "disable_on_destroy": false,
            "id": "dprzek-vertex/cloudresourcemanager.googleapis.com",
            "project": "dprzek-vertex",
            "service": "cloudresourcemanager.googleapis.com",
            "timeouts": null
          },
          "sensitive_attributes": [],
          "private": "eyJlMmJmYjczMC1lY2FhLTExZTYtOGY4OC0zNDM2M2JjN2M0YzAiOnsiY3JlYXRlIjoxMjAwMDAwMDAwMDAwLCJkZWxldGUiOjEyMDAwMDAwMDAwMDAsInJlYWQiOjYwMDAwMDAwMDAwMCwidXBkYXRlIjoxMjAwMDAwMDAwMDAwfX0="
        }
      ]
    },
    {
      "mode": "managed",
      "type": "google_project_service",
      "name": "cicd_services",
      "provider": "provider[\"registry.terraform.io/hashicorp/google\"]",
      "instances": [
        {
          "index_key": 0,
          "schema_version": 0,
          "attributes": {
            "disable_dependent_services": null,
            "disable_on_destroy": false,
            "id": "dprzek-vertex/cloudbuild.googleapis.com",
            "project": "dprzek-vertex",
            "service": "cloudbuild.googleapis.com",
            "timeouts": null
          },
          "sensitive_attributes": [],
          "private": "eyJlMmJmYjczMC1lY2FhLTExZTYtOGY4OC0zNDM2M2JjN2M0YzAiOnsiY3JlYXRlIjoxMjAwMDAwMDAwMDAwLCJkZWxldGUiOjEyMDAwMDAwMDAwMDAsInJlYWQiOjYwMDAwMDAwMDAwMCwidXBkYXRlIjoxMjAwMDAwMDAwMDAwfX0="
        },
        {
          "index_key": 1,
          "schema_version": 0,
          "attributes": {
            "disable_dependent_services": null,
            "disable_on_destroy": false,
            "id": "dprzek-vertex/discoveryengine.googleapis.com",
            "project": "dprzek-vertex",
            "service": "discoveryengine.googleapis.com",
            "timeouts": null
          },
          "sensitive_attributes": [],
          "private": "eyJlMmJmYjczMC1lY2FhLTExZTYtOGY4OC0zNDM2M2JjN2M0YzAiOnsiY3JlYXRlIjoxMjAwMDAwMDAwMDAwLCJkZWxldGUiOjEyMDAwMDAwMDAwMDAsInJlYWQiOjYwMDAwMDAwMDAwMCwidXBkYXRlIjoxMjAwMDAwMDAwMDAwfX0="
        },
        {
          "index_key": 2,
          "schema_version": 0,
          "attributes": {
            "disable_dependent_services": null,
            "disable_on_destroy": false,
            "id": "dprzek-vertex/aiplatform.googleapis.com",
            "project": "dprzek-vertex",
            "service": "aiplatform.googleapis.com",
            "timeouts": null
          },
          "sensitive_attributes": [],
          "private": "eyJlMmJmYjczMC1lY2FhLTExZTYtOGY4OC0zNDM2M2JjN2M0YzAiOnsiY3JlYXRlIjoxMjAwMDAwMDAwMDAwLCJkZWxldGUiOjEyMDAwMDAwMDAwMDAsInJlYWQiOjYwMDAwMDAwMDAwMCwidXBkYXRlIjoxMjAwMDAwMDAwMDAwfX0="
        },
        {
          "index_key": 3,
          "schema_version": 0,
          "attributes": {
            "disable_dependent_services": null,
            "disable_on_destroy": false,
            "id": "dprzek-vertex/serviceusage.googleapis.com",
            "project": "dprzek-vertex",
            "service": "serviceusage.googleapis.com",
            "timeouts": null
          },
          "sensitive_attributes": [],
          "private": "eyJlMmJmYjczMC1lY2FhLTExZTYtOGY4OC0zNDM2M2JjN2M0YzAiOnsiY3JlYXRlIjoxMjAwMDAwMDAwMDAwLCJkZWxldGUiOjEyMDAwMDAwMDAwMDAsInJlYWQiOjYwMDAwMDAwMDAwMCwidXBkYXRlIjoxMjAwMDAwMDAwMDAwfX0="
        },
        {
          "index_key": 4,
          "schema_version": 0,
          "attributes": {
            "disable_dependent_services": null,
            "disable_on_destroy": false,
            "id": "dprzek-vertex/bigquery.googleapis.com",
            "project": "dprzek-vertex",
            "service": "bigquery.googleapis.com",
            "timeouts": null
          },
          "sensitive_attributes": [],
          "private": "eyJlMmJmYjczMC1lY2FhLTExZTYtOGY4OC0zNDM2M2JjN2M0YzAiOnsiY3JlYXRlIjoxMjAwMDAwMDAwMDAwLCJkZWxldGUiOjEyMDAwMDAwMDAwMDAsInJlYWQiOjYwMDAwMDAwMDAwMCwidXBkYXRlIjoxMjAwMDAwMDAwMDAwfX0="
        },
        {
          "index_key": 5,
          "schema_version": 0,
          "attributes": {
            "disable_dependent_services": null,
            "disable_on_destroy": false,
            "id": "dprzek-vertex/cloudresourcemanager.googleapis.com",
            "project": "dprzek-vertex",
            "service": "cloudresourcemanager.googleapis.com",
            "timeouts": null
          },
          "sensitive_attributes": [],
          "private": "eyJlMmJmYjczMC1lY2FhLTExZTYtOGY4OC0zNDM2M2JjN2M0YzAiOnsiY3JlYXRlIjoxMjAwMDAwMDAwMDAwLCJkZWxldGUiOjEyMDAwMDAwMDAwMDAsInJlYWQiOjYwMDAwMDAwMDAwMCwidXBkYXRlIjoxMjAwMDAwMDAwMDAwfX0="
        },
        {
          "index_key": 6,
          "schema_version": 0,
          "attributes": {
            "disable_dependent_services": null,
            "disable_on_destroy": false,
            "id": "dprzek-vertex/cloudtrace.googleapis.com",
            "project": "dprzek-vertex",
            "service": "cloudtrace.googleapis.com",
            "timeouts": null
          },
          "sensitive_attributes": [],
          "private": "eyJlMmJmYjczMC1lY2FhLTExZTYtOGY4OC0zNDM2M2JjN2M0YzAiOnsiY3JlYXRlIjoxMjAwMDAwMDAwMDAwLCJkZWxldGUiOjEyMDAwMDAwMDAwMDAsInJlYWQiOjYwMDAwMDAwMDAwMCwidXBkYXRlIjoxMjAwMDAwMDAwMDAwfX0="
        }
      ]
    },
    {
      "mode": "managed",
      "type": "google_project_service",
      "name": "deploy_project_services",
      "provider": "provider[\"registry.terraform.io/hashicorp/google\"]",
      "instances": [
        {
          "index_key": "prod_aiplatform_googleapis_com",
          "schema_version": 0,
          "attributes": {
            "disable_dependent_services": null,
            "disable_on_destroy": false,
            "id": "dprzek-prod/aiplatform.googleapis.com",
            "project": "dprzek-prod",
            "service": "aiplatform.googleapis.com",
            "timeouts": null
          },
          "sensitive_attributes": [],
          "private": "eyJlMmJmYjczMC1lY2FhLTExZTYtOGY4OC0zNDM2M2JjN2M0YzAiOnsiY3JlYXRlIjoxMjAwMDAwMDAwMDAwLCJkZWxldGUiOjEyMDAwMDAwMDAwMDAsInJlYWQiOjYwMDAwMDAwMDAwMCwidXBkYXRlIjoxMjAwMDAwMDAwMDAwfX0="
        },
        {
          "index_key": "prod_bigquery_googleapis_com",
          "schema_version": 0,
          "attributes": {
            "disable_dependent_services": null,
            "disable_on_destroy": false,
            "id": "dprzek-prod/bigquery.googleapis.com",
            "project": "dprzek-prod",
            "service": "bigquery.googleapis.com",
            "timeouts": null
          },
          "sensitive_attributes": [],
          "private": "eyJlMmJmYjczMC1lY2FhLTExZTYtOGY4OC0zNDM2M2JjN2M0YzAiOnsiY3JlYXRlIjoxMjAwMDAwMDAwMDAwLCJkZWxldGUiOjEyMDAwMDAwMDAwMDAsInJlYWQiOjYwMDAwMDAwMDAwMCwidXBkYXRlIjoxMjAwMDAwMDAwMDAwfX0="
        },
        {
          "index_key": "prod_cloudresourcemanager_googleapis_com",
          "schema_version": 0,
          "attributes": {
            "disable_dependent_services": null,
            "disable_on_destroy": false,
            "id": "dprzek-prod/cloudresourcemanager.googleapis.com",
            "project": "dprzek-prod",
            "service": "cloudresourcemanager.googleapis.com",
            "timeouts": null
          },
          "sensitive_attributes": [],
          "private": "eyJlMmJmYjczMC1lY2FhLTExZTYtOGY4OC0zNDM2M2JjN2M0YzAiOnsiY3JlYXRlIjoxMjAwMDAwMDAwMDAwLCJkZWxldGUiOjEyMDAwMDAwMDAwMDAsInJlYWQiOjYwMDAwMDAwMDAwMCwidXBkYXRlIjoxMjAwMDAwMDAwMDAwfX0="
        },
        {
          "index_key": "prod_cloudtrace_googleapis_com",
          "schema_version": 0,
          "attributes": {
            "disable_dependent_services": null,
            "disable_on_destroy": false,
            "id": "dprzek-prod/cloudtrace.googleapis.com",
            "project": "dprzek-prod",
            "service": "cloudtrace.googleapis.com",
            "timeouts": null
          },
          "sensitive_attributes": [],
          "private": "eyJlMmJmYjczMC1lY2FhLTExZTYtOGY4OC0zNDM2M2JjN2M0YzAiOnsiY3JlYXRlIjoxMjAwMDAwMDAwMDAwLCJkZWxldGUiOjEyMDAwMDAwMDAwMDAsInJlYWQiOjYwMDAwMDAwMDAwMCwidXBkYXRlIjoxMjAwMDAwMDAwMDAwfX0="
        },
        {
          "index_key": "prod_discoveryengine_googleapis_com",
          "schema_version": 0,
          "attributes": {
            "disable_dependent_services": null,
            "disable_on_destroy": false,
            "id": "dprzek-prod/discoveryengine.googleapis.com",
            "project": "dprzek-prod",
            "service": "discoveryengine.googleapis.com",
            "timeouts": null
          },
          "sensitive_attributes": [],
          "private": "eyJlMmJmYjczMC1lY2FhLTExZTYtOGY4OC0zNDM2M2JjN2M0YzAiOnsiY3JlYXRlIjoxMjAwMDAwMDAwMDAwLCJkZWxldGUiOjEyMDAwMDAwMDAwMDAsInJlYWQiOjYwMDAwMDAwMDAwMCwidXBkYXRlIjoxMjAwMDAwMDAwMDAwfX0="
        },
        {
          "index_key": "prod_iam_googleapis_com",
          "schema_version": 0,
          "attributes": {
            "disable_dependent_services": null,
            "disable_on_destroy": false,
            "id": "dprzek-prod/iam.googleapis.com",
            "project": "dprzek-prod",
            "service": "iam.googleapis.com",
            "timeouts": null
          },
          "sensitive_attributes": [],
          "private": "eyJlMmJmYjczMC1lY2FhLTExZTYtOGY4OC0zNDM2M2JjN2M0YzAiOnsiY3JlYXRlIjoxMjAwMDAwMDAwMDAwLCJkZWxldGUiOjEyMDAwMDAwMDAwMDAsInJlYWQiOjYwMDAwMDAwMDAwMCwidXBkYXRlIjoxMjAwMDAwMDAwMDAwfX0="
        },
        {
          "index_key": "prod_logging_googleapis_com",
          "schema_version": 0,
          "attributes": {
            "disable_dependent_services": null,
            "disable_on_destroy": false,
            "id": "dprzek-prod/logging.googleapis.com",
            "project": "dprzek-prod",
            "service": "logging.googleapis.com",
            "timeouts": null
          },
          "sensitive_attributes": [],
          "private": "eyJlMmJmYjczMC1lY2FhLTExZTYtOGY4OC0zNDM2M2JjN2M0YzAiOnsiY3JlYXRlIjoxMjAwMDAwMDAwMDAwLCJkZWxldGUiOjEyMDAwMDAwMDAwMDAsInJlYWQiOjYwMDAwMDAwMDAwMCwidXBkYXRlIjoxMjAwMDAwMDAwMDAwfX0="
        },
        {
          "index_key": "prod_run_googleapis_com",
          "schema_version": 0,
          "attributes": {
            "disable_dependent_services": null,
            "disable_on_destroy": false,
            "id": "dprzek-prod/run.googleapis.com",
            "project": "dprzek-prod",
            "service": "run.googleapis.com",
            "timeouts": null
          },
          "sensitive_attributes": [],
          "private": "eyJlMmJmYjczMC1lY2FhLTExZTYtOGY4OC0zNDM2M2JjN2M0YzAiOnsiY3JlYXRlIjoxMjAwMDAwMDAwMDAwLCJkZWxldGUiOjEyMDAwMDAwMDAwMDAsInJlYWQiOjYwMDAwMDAwMDAwMCwidXBkYXRlIjoxMjAwMDAwMDAwMDAwfX0="
        },
        {
          "index_key": "prod_serviceusage_googleapis_com",
          "schema_version": 0,
          "attributes": {
            "disable_dependent_services": null,
            "disable_on_destroy": false,
            "id": "dprzek-prod/serviceusage.googleapis.com",
            "project": "dprzek-prod",
            "service": "serviceusage.googleapis.com",
            "timeouts": null
          },
          "sensitive_attributes": [],
          "private": "eyJlMmJmYjczMC1lY2FhLTExZTYtOGY4OC0zNDM2M2JjN2M0YzAiOnsiY3JlYXRlIjoxMjAwMDAwMDAwMDAwLCJkZWxldGUiOjEyMDAwMDAwMDAwMDAsInJlYWQiOjYwMDAwMDAwMDAwMCwidXBkYXRlIjoxMjAwMDAwMDAwMDAwfX0="
        },
        {
          "index_key": "staging_aiplatform_googleapis_com",
          "schema_version": 0,
          "attributes": {
            "disable_dependent_services": null,
            "disable_on_destroy": false,
            "id": "dprzek-stage/aiplatform.googleapis.com",
            "project": "dprzek-stage",
            "service": "aiplatform.googleapis.com",
            "timeouts": null
          },
          "sensitive_attributes": [],
          "private": "eyJlMmJmYjczMC1lY2FhLTExZTYtOGY4OC0zNDM2M2JjN2M0YzAiOnsiY3JlYXRlIjoxMjAwMDAwMDAwMDAwLCJkZWxldGUiOjEyMDAwMDAwMDAwMDAsInJlYWQiOjYwMDAwMDAwMDAwMCwidXBkYXRlIjoxMjAwMDAwMDAwMDAwfX0="
        },
        {
          "index_key": "staging_bigquery_googleapis_com",
          "schema_version": 0,
          "attributes": {
            "disable_dependent_services": null,
            "disable_on_destroy": false,
            "id": "dprzek-stage/bigquery.googleapis.com",
            "project": "dprzek-stage",
            "service": "bigquery.googleapis.com",
            "timeouts": null
          },
          "sensitive_attributes": [],
          "private": "eyJlMmJmYjczMC1lY2FhLTExZTYtOGY4OC0zNDM2M2JjN2M0YzAiOnsiY3JlYXRlIjoxMjAwMDAwMDAwMDAwLCJkZWxldGUiOjEyMDAwMDAwMDAwMDAsInJlYWQiOjYwMDAwMDAwMDAwMCwidXBkYXRlIjoxMjAwMDAwMDAwMDAwfX0="
        },
        {
          "index_key": "staging_cloudresourcemanager_googleapis_com",
          "schema_version": 0,
          "attributes": {
            "disable_dependent_services": null,
            "disable_on_destroy": false,
            "id": "dprzek-stage/cloudresourcemanager.googleapis.com",
            "project": "dprzek-stage",
            "service": "cloudresourcemanager.googleapis.com",
            "timeouts": null
          },
          "sensitive_attributes": [],
          "private": "eyJlMmJmYjczMC1lY2FhLTExZTYtOGY4OC0zNDM2M2JjN2M0YzAiOnsiY3JlYXRlIjoxMjAwMDAwMDAwMDAwLCJkZWxldGUiOjEyMDAwMDAwMDAwMDAsInJlYWQiOjYwMDAwMDAwMDAwMCwidXBkYXRlIjoxMjAwMDAwMDAwMDAwfX0="
        },
        {
          "index_key": "staging_cloudtrace_googleapis_com",
          "schema_version": 0,
          "attributes": {
            "disable_dependent_services": null,
            "disable_on_destroy": false,
            "id": "dprzek-stage/cloudtrace.googleapis.com",
            "project": "dprzek-stage",
            "service": "cloudtrace.googleapis.com",
            "timeouts": null
          },
          "sensitive_attributes": [],
          "private": "eyJlMmJmYjczMC1lY2FhLTExZTYtOGY4OC0zNDM2M2JjN2M0YzAiOnsiY3JlYXRlIjoxMjAwMDAwMDAwMDAwLCJkZWxldGUiOjEyMDAwMDAwMDAwMDAsInJlYWQiOjYwMDAwMDAwMDAwMCwidXBkYXRlIjoxMjAwMDAwMDAwMDAwfX0="
        },
        {
          "index_key": "staging_discoveryengine_googleapis_com",
          "schema_version": 0,
          "attributes": {
            "disable_dependent_services": null,
            "disable_on_destroy": false,
            "id": "dprzek-stage/discoveryengine.googleapis.com",
            "project": "dprzek-stage",
            "service": "discoveryengine.googleapis.com",
            "timeouts": null
          },
          "sensitive_attributes": [],
          "private": "eyJlMmJmYjczMC1lY2FhLTExZTYtOGY4OC0zNDM2M2JjN2M0YzAiOnsiY3JlYXRlIjoxMjAwMDAwMDAwMDAwLCJkZWxldGUiOjEyMDAwMDAwMDAwMDAsInJlYWQiOjYwMDAwMDAwMDAwMCwidXBkYXRlIjoxMjAwMDAwMDAwMDAwfX0="
        },
        {
          "index_key": "staging_iam_googleapis_com",
          "schema_version": 0,
          "attributes": {
            "disable_dependent_services": null,
            "disable_on_destroy": false,
            "id": "dprzek-stage/iam.googleapis.com",
            "project": "dprzek-stage",
            "service": "iam.googleapis.com",
            "timeouts": null
          },
          "sensitive_attributes": [],
          "private": "eyJlMmJmYjczMC1lY2FhLTExZTYtOGY4OC0zNDM2M2JjN2M0YzAiOnsiY3JlYXRlIjoxMjAwMDAwMDAwMDAwLCJkZWxldGUiOjEyMDAwMDAwMDAwMDAsInJlYWQiOjYwMDAwMDAwMDAwMCwidXBkYXRlIjoxMjAwMDAwMDAwMDAwfX0="
        },
        {
          "index_key": "staging_logging_googleapis_com",
          "schema_version": 0,
          "attributes": {
            "disable_dependent_services": null,
            "disable_on_destroy": false,
            "id": "dprzek-stage/logging.googleapis.com",
            "project": "dprzek-stage",
            "service": "logging.googleapis.com",
            "timeouts": null
          },
          "sensitive_attributes": [],
          "private": "eyJlMmJmYjczMC1lY2FhLTExZTYtOGY4OC0zNDM2M2JjN2M0YzAiOnsiY3JlYXRlIjoxMjAwMDAwMDAwMDAwLCJkZWxldGUiOjEyMDAwMDAwMDAwMDAsInJlYWQiOjYwMDAwMDAwMDAwMCwidXBkYXRlIjoxMjAwMDAwMDAwMDAwfX0="
        },
        {
          "index_key": "staging_run_googleapis_com",
          "schema_version": 0,
          "attributes": {
            "disable_dependent_services": null,
            "disable_on_destroy": false,
            "id": "dprzek-stage/run.googleapis.com",
            "project": "dprzek-stage",
            "service": "run.googleapis.com",
            "timeouts": null
          },
          "sensitive_attributes": [],
          "private": "eyJlMmJmYjczMC1lY2FhLTExZTYtOGY4OC0zNDM2M2JjN2M0YzAiOnsiY3JlYXRlIjoxMjAwMDAwMDAwMDAwLCJkZWxldGUiOjEyMDAwMDAwMDAwMDAsInJlYWQiOjYwMDAwMDAwMDAwMCwidXBkYXRlIjoxMjAwMDAwMDAwMDAwfX0="
        },
        {
          "index_key": "staging_serviceusage_googleapis_com",
          "schema_version": 0,
          "attributes": {
            "disable_dependent_services": null,
            "disable_on_destroy": false,
            "id": "dprzek-stage/serviceusage.googleapis.com",
            "project": "dprzek-stage",
            "service": "serviceusage.googleapis.com",
            "timeouts": null
          },
          "sensitive_attributes": [],
          "private": "eyJlMmJmYjczMC1lY2FhLTExZTYtOGY4OC0zNDM2M2JjN2M0YzAiOnsiY3JlYXRlIjoxMjAwMDAwMDAwMDAwLCJkZWxldGUiOjEyMDAwMDAwMDAwMDAsInJlYWQiOjYwMDAwMDAwMDAwMCwidXBkYXRlIjoxMjAwMDAwMDAwMDAwfX0="
        }
      ]
    },
    {
      "mode": "managed",
      "type": "google_service_account",
      "name": "app_sa",
      "provider": "provider[\"registry.terraform.io/hashicorp/google\"]",
      "instances": [
        {
          "index_key": "prod",
          "schema_version": 0,
          "attributes": {
            "account_id": "dprzek-vertex2-app",
            "create_ignore_already_exists": null,
            "description": "",
            "disabled": false,
            "display_name": "dprzek-vertex2 Agent Service Account",
            "email": "dprzek-vertex2-app@dprzek-prod.iam.gserviceaccount.com",
            "id": "projects/dprzek-prod/serviceAccounts/dprzek-vertex2-app@dprzek-prod.iam.gserviceaccount.com",
            "member": "serviceAccount:dprzek-vertex2-app@dprzek-prod.iam.gserviceaccount.com",
            "name": "projects/dprzek-prod/serviceAccounts/dprzek-vertex2-app@dprzek-prod.iam.gserviceaccount.com",
            "project": "dprzek-prod",
            "timeouts": null,
            "unique_id": "113493688741816958040"
          },
          "sensitive_attributes": [],
          "private": "eyJlMmJmYjczMC1lY2FhLTExZTYtOGY4OC0zNDM2M2JjN2M0YzAiOnsiY3JlYXRlIjozMDAwMDAwMDAwMDB9fQ==",
          "dependencies": [
            "google_project_service.cicd_services",
            "google_project_service.deploy_project_services"
          ]
        },
        {
          "index_key": "staging",
          "schema_version": 0,
          "attributes": {
            "account_id": "dprzek-vertex2-app",
            "create_ignore_already_exists": null,
            "description": "",
            "disabled": false,
            "display_name": "dprzek-vertex2 Agent Service Account",
            "email": "dprzek-vertex2-app@dprzek-stage.iam.gserviceaccount.com",
            "id": "projects/dprzek-stage/serviceAccounts/dprzek-vertex2-app@dprzek-stage.iam.gserviceaccount.com",
            "member": "serviceAccount:dprzek-vertex2-app@dprzek-stage.iam.gserviceaccount.com",
            "name": "projects/dprzek-stage/serviceAccounts/dprzek-vertex2-app@dprzek-stage.iam.gserviceaccount.com",
            "project": "dprzek-stage",
            "timeouts": null,
            "unique_id": "108002372062136297148"
          },
          "sensitive_attributes": [],
          "private": "eyJlMmJmYjczMC1lY2FhLTExZTYtOGY4OC0zNDM2M2JjN2M0YzAiOnsiY3JlYXRlIjozMDAwMDAwMDAwMDB9fQ==",
          "dependencies": [
            "google_project_service.cicd_services",
            "google_project_service.deploy_project_services"
          ]
        }
      ]
    },
    {
      "mode": "managed",
      "type": "google_service_account",
      "name": "cicd_runner_sa",
      "provider": "provider[\"registry.terraform.io/hashicorp/google\"]",
      "instances": [
        {
          "schema_version": 0,
          "attributes": {
            "account_id": "dprzek-vertex2-cb",
            "create_ignore_already_exists": null,
            "description": "",
            "disabled": false,
            "display_name": "CICD Runner SA",
            "email": "dprzek-vertex2-cb@dprzek-vertex.iam.gserviceaccount.com",
            "id": "projects/dprzek-vertex/serviceAccounts/dprzek-vertex2-cb@dprzek-vertex.iam.gserviceaccount.com",
            "member": "serviceAccount:dprzek-vertex2-cb@dprzek-vertex.iam.gserviceaccount.com",
            "name": "projects/dprzek-vertex/serviceAccounts/dprzek-vertex2-cb@dprzek-vertex.iam.gserviceaccount.com",
            "project": "dprzek-vertex",
            "timeouts": null,
            "unique_id": "109735079098189641862"
          },
          "sensitive_attributes": [],
          "private": "eyJlMmJmYjczMC1lY2FhLTExZTYtOGY4OC0zNDM2M2JjN2M0YzAiOnsiY3JlYXRlIjozMDAwMDAwMDAwMDB9fQ==",
          "dependencies": [
            "google_project_service.cicd_services",
            "google_project_service.deploy_project_services"
          ]
        }
      ]
    },
    {
      "mode": "managed",
      "type": "google_service_account_iam_member",
      "name": "cicd_run_invoker_account_user",
      "provider": "provider[\"registry.terraform.io/hashicorp/google\"]",
      "instances": [
        {
          "schema_version": 0,
          "attributes": {
            "condition": [],
            "etag": "BwY+2Vc6vdc=",
            "id": "projects/dprzek-vertex/serviceAccounts/dprzek-vertex2-cb@dprzek-vertex.iam.gserviceaccount.com/roles/iam.serviceAccountUser/serviceAccount:dprzek-vertex2-cb@dprzek-vertex.iam.gserviceaccount.com",
            "member": "serviceAccount:dprzek-vertex2-cb@dprzek-vertex.iam.gserviceaccount.com",
            "role": "roles/iam.serviceAccountUser",
            "service_account_id": "projects/dprzek-vertex/serviceAccounts/dprzek-vertex2-cb@dprzek-vertex.iam.gserviceaccount.com"
          },
          "sensitive_attributes": [],
          "private": "bnVsbA==",
          "dependencies": [
            "google_project_service.cicd_services",
            "google_project_service.deploy_project_services",
            "google_service_account.cicd_runner_sa"
          ]
        }
      ]
    },
    {
      "mode": "managed",
      "type": "google_service_account_iam_member",
      "name": "cicd_run_invoker_token_creator",
      "provider": "provider[\"registry.terraform.io/hashicorp/google\"]",
      "instances": [
        {
          "schema_version": 0,
          "attributes": {
            "condition": [],
            "etag": "BwY+2Vc6vdc=",
            "id": "projects/dprzek-vertex/serviceAccounts/dprzek-vertex2-cb@dprzek-vertex.iam.gserviceaccount.com/roles/iam.serviceAccountTokenCreator/serviceAccount:dprzek-vertex2-cb@dprzek-vertex.iam.gserviceaccount.com",
            "member": "serviceAccount:dprzek-vertex2-cb@dprzek-vertex.iam.gserviceaccount.com",
            "role": "roles/iam.serviceAccountTokenCreator",
            "service_account_id": "projects/dprzek-vertex/serviceAccounts/dprzek-vertex2-cb@dprzek-vertex.iam.gserviceaccount.com"
          },
          "sensitive_attributes": [],
          "private": "bnVsbA==",
          "dependencies": [
            "google_project_service.cicd_services",
            "google_project_service.deploy_project_services",
            "google_service_account.cicd_runner_sa"
          ]
        }
      ]
    },
    {
      "mode": "managed",
      "type": "google_storage_bucket",
      "name": "bucket_load_test_results",
      "provider": "provider[\"registry.terraform.io/hashicorp/google\"]",
      "instances": [
        {
          "schema_version": 3,
          "attributes": {
            "autoclass": [],
            "cors": [],
            "custom_placement_config": [],
            "default_event_based_hold": false,
            "effective_labels": {
              "goog-terraform-provisioned": "true"
            },
            "enable_object_retention": false,
            "encryption": [],
            "force_destroy": true,
            "hierarchical_namespace": [
              {
                "enabled": false
              }
            ],
            "id": "dprzek-vertex-dprzek-vertex2-load-test",
            "ip_filter": [],
            "labels": {},
            "lifecycle_rule": [],
            "location": "US-CENTRAL1",
            "logging": [],
            "name": "dprzek-vertex-dprzek-vertex2-load-test",
            "project": "dprzek-vertex",
            "project_number": 672658926390,
            "public_access_prevention": "inherited",
            "requester_pays": false,
            "retention_policy": [],
            "rpo": null,
            "self_link": "https://www.googleapis.com/storage/v1/b/dprzek-vertex-dprzek-vertex2-load-test",
            "soft_delete_policy": [
              {
                "effective_time": "2025-09-15T16:16:59.301Z",
                "retention_duration_seconds": 604800
              }
            ],
            "storage_class": "STANDARD",
            "terraform_labels": {
              "goog-terraform-provisioned": "true"
            },
            "time_created": "2025-09-15T16:16:59.301Z",
            "timeouts": null,
            "uniform_bucket_level_access": true,
            "updated": "2025-09-15T16:16:59.301Z",
            "url": "gs://dprzek-vertex-dprzek-vertex2-load-test",
            "versioning": [],
            "website": []
          },
          "sensitive_attributes": [],
          "private": "eyJlMmJmYjczMC1lY2FhLTExZTYtOGY4OC0zNDM2M2JjN2M0YzAiOnsiY3JlYXRlIjo2MDAwMDAwMDAwMDAsInJlYWQiOjI0MDAwMDAwMDAwMCwidXBkYXRlIjoyNDAwMDAwMDAwMDB9LCJzY2hlbWFfdmVyc2lvbiI6IjMifQ==",
          "dependencies": [
            "google_project_service.cicd_services",
            "google_project_service.deploy_project_services"
          ]
        }
      ]
    },
    {
      "mode": "managed",
      "type": "google_storage_bucket",
      "name": "logs_data_bucket",
      "provider": "provider[\"registry.terraform.io/hashicorp/google\"]",
      "instances": [
        {
          "index_key": "dprzek-prod",
          "schema_version": 3,
          "attributes": {
            "autoclass": [],
            "cors": [],
            "custom_placement_config": [],
            "default_event_based_hold": false,
            "effective_labels": {
              "goog-terraform-provisioned": "true"
            },
            "enable_object_retention": false,
            "encryption": [],
            "force_destroy": true,
            "hierarchical_namespace": [
              {
                "enabled": false
              }
            ],
            "id": "dprzek-prod-dprzek-vertex2-logs-data",
            "ip_filter": [],
            "labels": {},
            "lifecycle_rule": [],
            "location": "US-CENTRAL1",
            "logging": [],
            "name": "dprzek-prod-dprzek-vertex2-logs-data",
            "project": "dprzek-prod",
            "project_number": 197779150228,
            "public_access_prevention": "inherited",
            "requester_pays": false,
            "retention_policy": [],
            "rpo": null,
            "self_link": "https://www.googleapis.com/storage/v1/b/dprzek-prod-dprzek-vertex2-logs-data",
            "soft_delete_policy": [
              {
                "effective_time": "2025-09-15T16:16:57.017Z",
                "retention_duration_seconds": 604800
              }
            ],
            "storage_class": "STANDARD",
            "terraform_labels": {
              "goog-terraform-provisioned": "true"
            },
            "time_created": "2025-09-15T16:16:57.017Z",
            "timeouts": null,
            "uniform_bucket_level_access": true,
            "updated": "2025-09-15T16:16:57.017Z",
            "url": "gs://dprzek-prod-dprzek-vertex2-logs-data",
            "versioning": [],
            "website": []
          },
          "sensitive_attributes": [],
          "private": "eyJlMmJmYjczMC1lY2FhLTExZTYtOGY4OC0zNDM2M2JjN2M0YzAiOnsiY3JlYXRlIjo2MDAwMDAwMDAwMDAsInJlYWQiOjI0MDAwMDAwMDAwMCwidXBkYXRlIjoyNDAwMDAwMDAwMDB9LCJzY2hlbWFfdmVyc2lvbiI6IjMifQ==",
          "dependencies": [
            "google_project_service.cicd_services",
            "google_project_service.deploy_project_services"
          ]
        },
        {
          "index_key": "dprzek-stage",
          "schema_version": 3,
          "attributes": {
            "autoclass": [],
            "cors": [],
            "custom_placement_config": [],
            "default_event_based_hold": false,
            "effective_labels": {
              "goog-terraform-provisioned": "true"
            },
            "enable_object_retention": false,
            "encryption": [],
            "force_destroy": true,
            "hierarchical_namespace": [
              {
                "enabled": false
              }
            ],
            "id": "dprzek-stage-dprzek-vertex2-logs-data",
            "ip_filter": [],
            "labels": {},
            "lifecycle_rule": [],
            "location": "US-CENTRAL1",
            "logging": [],
            "name": "dprzek-stage-dprzek-vertex2-logs-data",
            "project": "dprzek-stage",
            "project_number": 997690177662,
            "public_access_prevention": "inherited",
            "requester_pays": false,
            "retention_policy": [],
            "rpo": null,
            "self_link": "https://www.googleapis.com/storage/v1/b/dprzek-stage-dprzek-vertex2-logs-data",
            "soft_delete_policy": [
              {
                "effective_time": "2025-09-15T16:16:58.713Z",
                "retention_duration_seconds": 604800
              }
            ],
            "storage_class": "STANDARD",
            "terraform_labels": {
              "goog-terraform-provisioned": "true"
            },
            "time_created": "2025-09-15T16:16:58.713Z",
            "timeouts": null,
            "uniform_bucket_level_access": true,
            "updated": "2025-09-15T16:16:58.713Z",
            "url": "gs://dprzek-stage-dprzek-vertex2-logs-data",
            "versioning": [],
            "website": []
          },
          "sensitive_attributes": [],
          "private": "eyJlMmJmYjczMC1lY2FhLTExZTYtOGY4OC0zNDM2M2JjN2M0YzAiOnsiY3JlYXRlIjo2MDAwMDAwMDAwMDAsInJlYWQiOjI0MDAwMDAwMDAwMCwidXBkYXRlIjoyNDAwMDAwMDAwMDB9LCJzY2hlbWFfdmVyc2lvbiI6IjMifQ==",
          "dependencies": [
            "google_project_service.cicd_services",
            "google_project_service.deploy_project_services"
          ]
        },
        {
          "index_key": "dprzek-vertex",
          "schema_version": 3,
          "attributes": {
            "autoclass": [],
            "cors": [],
            "custom_placement_config": [],
            "default_event_based_hold": false,
            "effective_labels": {
              "goog-terraform-provisioned": "true"
            },
            "enable_object_retention": false,
            "encryption": [],
            "force_destroy": true,
            "hierarchical_namespace": [
              {
                "enabled": false
              }
            ],
            "id": "dprzek-vertex-dprzek-vertex2-logs-data",
            "ip_filter": [],
            "labels": {},
            "lifecycle_rule": [],
            "location": "US-CENTRAL1",
            "logging": [],
            "name": "dprzek-vertex-dprzek-vertex2-logs-data",
            "project": "dprzek-vertex",
            "project_number": 672658926390,
            "public_access_prevention": "inherited",
            "requester_pays": false,
            "retention_policy": [],
            "rpo": null,
            "self_link": "https://www.googleapis.com/storage/v1/b/dprzek-vertex-dprzek-vertex2-logs-data",
            "soft_delete_policy": [
              {
                "effective_time": "2025-09-15T16:16:57.221Z",
                "retention_duration_seconds": 604800
              }
            ],
            "storage_class": "STANDARD",
            "terraform_labels": {
              "goog-terraform-provisioned": "true"
            },
            "time_created": "2025-09-15T16:16:57.221Z",
            "timeouts": null,
            "uniform_bucket_level_access": true,
            "updated": "2025-09-15T16:16:57.221Z",
            "url": "gs://dprzek-vertex-dprzek-vertex2-logs-data",
            "versioning": [],
            "website": []
          },
          "sensitive_attributes": [],
          "private": "eyJlMmJmYjczMC1lY2FhLTExZTYtOGY4OC0zNDM2M2JjN2M0YzAiOnsiY3JlYXRlIjo2MDAwMDAwMDAwMDAsInJlYWQiOjI0MDAwMDAwMDAwMCwidXBkYXRlIjoyNDAwMDAwMDAwMDB9LCJzY2hlbWFfdmVyc2lvbiI6IjMifQ==",
          "dependencies": [
            "google_project_service.cicd_services",
            "google_project_service.deploy_project_services"
          ]
        }
      ]
    },
    {
      "module": "module.feedback_export_to_bigquery[\"prod\"]",
      "mode": "managed",
      "type": "google_logging_project_sink",
      "name": "sink",
      "provider": "provider[\"registry.terraform.io/hashicorp/google\"]",
      "instances": [
        {
          "index_key": 0,
          "schema_version": 0,
          "attributes": {
            "bigquery_options": [
              {
                "use_partitioned_tables": true
              }
            ],
            "custom_writer_identity": null,
            "description": "",
            "destination": "bigquery.googleapis.com/projects/dprzek-prod/datasets/dprzek_vertex2_feedback",
            "disabled": false,
            "exclusions": [],
            "filter": "jsonPayload.log_type=\"feedback\"",
            "id": "projects/dprzek-prod/sinks/dprzek-vertex2_feedback",
            "name": "dprzek-vertex2_feedback",
            "project": "dprzek-prod",
            "unique_writer_identity": true,
            "writer_identity": "serviceAccount:service-197779150228@gcp-sa-logging.iam.gserviceaccount.com"
          },
          "sensitive_attributes": [],
          "private": "bnVsbA==",
          "dependencies": [
            "google_bigquery_dataset.feedback_dataset",
            "google_project_service.cicd_services",
            "google_project_service.deploy_project_services"
          ]
        }
      ]
    },
    {
      "module": "module.feedback_export_to_bigquery[\"staging\"]",
      "mode": "managed",
      "type": "google_logging_project_sink",
      "name": "sink",
      "provider": "provider[\"registry.terraform.io/hashicorp/google\"]",
      "instances": [
        {
          "index_key": 0,
          "schema_version": 0,
          "attributes": {
            "bigquery_options": [
              {
                "use_partitioned_tables": true
              }
            ],
            "custom_writer_identity": null,
            "description": "",
            "destination": "bigquery.googleapis.com/projects/dprzek-stage/datasets/dprzek_vertex2_feedback",
            "disabled": false,
            "exclusions": [],
            "filter": "jsonPayload.log_type=\"feedback\"",
            "id": "projects/dprzek-stage/sinks/dprzek-vertex2_feedback",
            "name": "dprzek-vertex2_feedback",
            "project": "dprzek-stage",
            "unique_writer_identity": true,
            "writer_identity": "serviceAccount:service-997690177662@gcp-sa-logging.iam.gserviceaccount.com"
          },
          "sensitive_attributes": [],
          "private": "bnVsbA==",
          "dependencies": [
            "google_bigquery_dataset.feedback_dataset",
            "google_project_service.cicd_services",
            "google_project_service.deploy_project_services"
          ]
        }
      ]
    },
    {
      "module": "module.log_export_to_bigquery[\"prod\"]",
      "mode": "managed",
      "type": "google_logging_project_sink",
      "name": "sink",
      "provider": "provider[\"registry.terraform.io/hashicorp/google\"]",
      "instances": [
        {
          "index_key": 0,
          "schema_version": 0,
          "attributes": {
            "bigquery_options": [
              {
                "use_partitioned_tables": true
              }
            ],
            "custom_writer_identity": null,
            "description": "",
            "destination": "bigquery.googleapis.com/projects/dprzek-prod/datasets/dprzek_vertex2_telemetry",
            "disabled": false,
            "exclusions": [],
            "filter": "labels.service_name=\"maps-agent\" labels.type=\"agent_telemetry\"",
            "id": "projects/dprzek-prod/sinks/dprzek-vertex2_telemetry",
            "name": "dprzek-vertex2_telemetry",
            "project": "dprzek-prod",
            "unique_writer_identity": true,
            "writer_identity": "serviceAccount:service-197779150228@gcp-sa-logging.iam.gserviceaccount.com"
          },
          "sensitive_attributes": [],
          "private": "bnVsbA==",
          "dependencies": [
            "google_bigquery_dataset.telemetry_logs_dataset",
            "google_project_service.cicd_services",
            "google_project_service.deploy_project_services"
          ]
        }
      ]
    },
    {
      "module": "module.log_export_to_bigquery[\"staging\"]",
      "mode": "managed",
      "type": "google_logging_project_sink",
      "name": "sink",
      "provider": "provider[\"registry.terraform.io/hashicorp/google\"]",
      "instances": [
        {
          "index_key": 0,
          "schema_version": 0,
          "attributes": {
            "bigquery_options": [
              {
                "use_partitioned_tables": true
              }
            ],
            "custom_writer_identity": null,
            "description": "",
            "destination": "bigquery.googleapis.com/projects/dprzek-stage/datasets/dprzek_vertex2_telemetry",
            "disabled": false,
            "exclusions": [],
            "filter": "labels.service_name=\"maps-agent\" labels.type=\"agent_telemetry\"",
            "id": "projects/dprzek-stage/sinks/dprzek-vertex2_telemetry",
            "name": "dprzek-vertex2_telemetry",
            "project": "dprzek-stage",
            "unique_writer_identity": true,
            "writer_identity": "serviceAccount:service-997690177662@gcp-sa-logging.iam.gserviceaccount.com"
          },
          "sensitive_attributes": [],
          "private": "bnVsbA==",
          "dependencies": [
            "google_bigquery_dataset.telemetry_logs_dataset",
            "google_project_service.cicd_services",
            "google_project_service.deploy_project_services"
          ]
        }
      ]
    }
  ],
  "check_results": null
}
